
Microsoft Visual Studio Solution File, Format Version 12.00
# Visual Studio Version 17
VisualStudioVersion = 17.10.35013.160
MinimumVisualStudioVersion = 10.0.40219.1
Project("{FAE04EC0-301F-11D3-BF4B-00C04F79EFBC}") = "HL7Parser", "HL7Parser.csproj", "{0261ABDE-14B9-4E2A-ADCB-95216506EA10}"
EndProject
Global
	GlobalSection(SolutionConfigurationPlatforms) = preSolution
		Debug|Any CPU = Debug|Any CPU
		Release|Any CPU = Release|Any CPU
	EndGlobalSection
	GlobalSection(ProjectConfigurationPlatforms) = postSolution
		{0261ABDE-14B9-4E2A-ADCB-95216506EA10}.Debug|Any CPU.ActiveCfg = Debug|Any CPU
		{0261ABDE-14B9-4E2A-ADCB-95216506EA10}.Debug|Any CPU.Build.0 = Debug|Any CPU
		{0261ABDE-14B9-4E2A-ADCB-95216506EA10}.Release|Any CPU.ActiveCfg = Release|Any CPU
		{0261ABDE-14B9-4E2A-ADCB-95216506EA10}.Release|Any CPU.Build.0 = Release|Any CPU
	EndGlobalSection
	GlobalSection(SolutionProperties) = preSolution
		HideSolutionNode = FALSE
	EndGlobalSection
	GlobalSection(ExtensibilityGlobals) = postSolution
		SolutionGuid = {47B3E000-1DD4-4D97-AA79-5000F14AFFB0}
	EndGlobalSection
EndGlobal
